
Microsoft Visual Studio Solution File, Format Version 12.00
# Visual Studio Version 17
VisualStudioVersion = 17.14.36908.2
MinimumVisualStudioVersion = 10.0.40219.1
Project("{FAE04EC0-301F-11D3-BF4B-00C04F79EFBC}") = "Web", "Vehiculo.Web\Web.csproj", "{1D591A5A-2314-4DE7-88F6-FD262886EF54}"
EndProject
Project("{FAE04EC0-301F-11D3-BF4B-00C04F79EFBC}") = "Abstracciones", "Abstracciones\Abstracciones.csproj", "{D1766A27-79C7-4EA3-A0A0-C4D992385626}"
EndProject
Project("{FAE04EC0-301F-11D3-BF4B-00C04F79EFBC}") = "Reglas", "Reglas\Reglas.csproj", "{F4063649-96CF-49CF-B1A4-1E2946CECA50}"
EndProject
Global
	GlobalSection(SolutionConfigurationPlatforms) = preSolution
		Debug|Any CPU = Debug|Any CPU
		Release|Any CPU = Release|Any CPU
	EndGlobalSection
	GlobalSection(ProjectConfigurationPlatforms) = postSolution
		{1D591A5A-2314-4DE7-88F6-FD262886EF54}.Debug|Any CPU.ActiveCfg = Debug|Any CPU
		{1D591A5A-2314-4DE7-88F6-FD262886EF54}.Debug|Any CPU.Build.0 = Debug|Any CPU
		{1D591A5A-2314-4DE7-88F6-FD262886EF54}.Release|Any CPU.ActiveCfg = Release|Any CPU
		{1D591A5A-2314-4DE7-88F6-FD262886EF54}.Release|Any CPU.Build.0 = Release|Any CPU
		{D1766A27-79C7-4EA3-A0A0-C4D992385626}.Debug|Any CPU.ActiveCfg = Debug|Any CPU
		{D1766A27-79C7-4EA3-A0A0-C4D992385626}.Debug|Any CPU.Build.0 = Debug|Any CPU
		{D1766A27-79C7-4EA3-A0A0-C4D992385626}.Release|Any CPU.ActiveCfg = Release|Any CPU
		{D1766A27-79C7-4EA3-A0A0-C4D992385626}.Release|Any CPU.Build.0 = Release|Any CPU
		{F4063649-96CF-49CF-B1A4-1E2946CECA50}.Debug|Any CPU.ActiveCfg = Debug|Any CPU
		{F4063649-96CF-49CF-B1A4-1E2946CECA50}.Debug|Any CPU.Build.0 = Debug|Any CPU
		{F4063649-96CF-49CF-B1A4-1E2946CECA50}.Release|Any CPU.ActiveCfg = Release|Any CPU
		{F4063649-96CF-49CF-B1A4-1E2946CECA50}.Release|Any CPU.Build.0 = Release|Any CPU
	EndGlobalSection
	GlobalSection(SolutionProperties) = preSolution
		HideSolutionNode = FALSE
	EndGlobalSection
	GlobalSection(ExtensibilityGlobals) = postSolution
		SolutionGuid = {4ED7C0C1-B30B-49D6-87DF-DCDFE20D2918}
	EndGlobalSection
EndGlobal
